<?xml version="1.0" encoding="utf-8"?>
<Project ToolsVersion="4.0" xmlns="http://schemas.microsoft.com/developer/msbuild/2003">
  <ItemGroup>
    <Filter Include="Source Files">
      <UniqueIdentifier>{4FC737F1-C7A5-4376-A066-2A32D752A2FF}</UniqueIdentifier>
      <Extensions>cpp;c;cc;cxx;c++;cppm;ixx;def;odl;idl;hpj;bat;asm;asmx</Extensions>
    </Filter>
    <Filter Include="Header Files">
      <UniqueIdentifier>{93995380-89BD-4b04-88EB-625FBE52EBFB}</UniqueIdentifier>
      <Extensions>h;hh;hpp;hxx;h++;hm;inl;inc;ipp;xsd</Extensions>
    </Filter>
    <Filter Include="Resource Files">
      <UniqueIdentifier>{67DA6AB6-F800-4c08-8B7A-83BB121AAD01}</UniqueIdentifier>
      <Extensions>rc;ico;cur;bmp;dlg;rc2;rct;bin;rgs;gif;jpg;jpeg;jpe;resx;tiff;tif;png;wav;mfcribbon-ms</Extensions>
    </Filter>
    <Filter Include="Source Files\IDL">
      <UniqueIdentifier>{69f8b60b-aac7-461c-a21c-c63c2e4ccfff}</UniqueIdentifier>
    </Filter>
  </ItemGroup>
  <ItemGroup>
    <ClInclude Include="include\App_Includes.h">
      <Filter>Header Files</Filter>
    </ClInclude>
    <ClInclude Include="include\App_Main.h">
      <Filter>Header Files</Filter>
    </ClInclude>
    <ClInclude Include="include\App_Configuration.h">
      <Filter>Header Files</Filter>
    </ClInclude>
    <ClInclude Include="include\App_Definitions.h">
      <Filter>Header Files</Filter>
    </ClInclude>
    <ClInclude Include="..\_idl\HelloWorldData.h">
      <Filter>Source Files\IDL</Filter>
    </ClInclude>
    <ClInclude Include="include\DDS_Participant.h">
      <Filter>Header Files</Filter>
    </ClInclude>
    <ClInclude Include="include\DDS_SubscriberRunner.h">
      <Filter>Header Files</Filter>
    </ClInclude>
    <ClInclude Include="..\_idl\PingData.h">
      <Filter>Source Files\IDL</Filter>
    </ClInclude>
    <ClInclude Include="..\_idl\PongData.h">
      <Filter>Source Files\IDL</Filter>
    </ClInclude>
  </ItemGroup>
  <ItemGroup>
    <ClCompile Include="src\App_Configuration.cpp">
      <Filter>Source Files</Filter>
    </ClCompile>
    <ClCompile Include="src\App_Main.cpp">
      <Filter>Source Files</Filter>
    </ClCompile>
    <ClCompile Include="..\_idl\HelloWorldData.c">
      <Filter>Source Files\IDL</Filter>
    </ClCompile>
    <ClCompile Include="src\DDS_Participant.cpp">
      <Filter>Source Files</Filter>
    </ClCompile>
    <ClCompile Include="src\DDS_SubscriberRunner.cpp">
      <Filter>Source Files</Filter>
    </ClCompile>
    <ClCompile Include="..\_idl\PongData.c">
      <Filter>Source Files\IDL</Filter>
    </ClCompile>
    <ClCompile Include="..\_idl\PingData.c">
      <Filter>Source Files\IDL</Filter>
    </ClCompile>
  </ItemGroup>
  <ItemGroup>
    <Midl Include="..\_idl\HelloWorldData.idl">
      <Filter>Source Files\IDL</Filter>
    </Midl>
    <Midl Include="..\_idl\PongData.idl">
      <Filter>Source Files\IDL</Filter>
    </Midl>
    <Midl Include="..\_idl\PingData.idl">
      <Filter>Source Files\IDL</Filter>
    </Midl>
  </ItemGroup>
  <ItemGroup>
    <None Include="..\_idl\Generate_IDL.bat">
      <Filter>Source Files\IDL</Filter>
    </None>
  </ItemGroup>
</Project>